
Microsoft Visual Studio Solution File, Format Version 12.00
# Visual Studio Version 17
VisualStudioVersion = 17.5.33530.505
MinimumVisualStudioVersion = 10.0.40219.1
Project("{FAE04EC0-301F-11D3-BF4B-00C04F79EFBC}") = "ToDoProjectServer", "ToDoProjectServer\ToDoProjectServer.csproj", "{1EE74EFA-7621-4232-9AD8-5DF590CAF81C}"
EndProject
Global
	GlobalSection(SolutionConfigurationPlatforms) = preSolution
		Debug|Any CPU = Debug|Any CPU
		Release|Any CPU = Release|Any CPU
	EndGlobalSection
	GlobalSection(ProjectConfigurationPlatforms) = postSolution
		{1EE74EFA-7621-4232-9AD8-5DF590CAF81C}.Debug|Any CPU.ActiveCfg = Debug|Any CPU
		{1EE74EFA-7621-4232-9AD8-5DF590CAF81C}.Debug|Any CPU.Build.0 = Debug|Any CPU
		{1EE74EFA-7621-4232-9AD8-5DF590CAF81C}.Release|Any CPU.ActiveCfg = Release|Any CPU
		{1EE74EFA-7621-4232-9AD8-5DF590CAF81C}.Release|Any CPU.Build.0 = Release|Any CPU
	EndGlobalSection
	GlobalSection(SolutionProperties) = preSolution
		HideSolutionNode = FALSE
	EndGlobalSection
	GlobalSection(ExtensibilityGlobals) = postSolution
		SolutionGuid = {C115F54B-4572-4D95-9EA5-C9A2E9A4CF65}
	EndGlobalSection
EndGlobal
